# THIS IS AN AUTOGENERATED FILE. DO NOT EDIT THIS FILE DIRECTLY.
# yarn lockfile v1


"@a-la/export@1.3.0":
  version "1.3.0"
  resolved "https://registry.yarnpkg.com/@a-la/export/-/export-1.3.0.tgz#aaa22530315f85557331ddd2fc096b1b20d11afb"
  integrity sha512-IeKQCGLTNgs7fXe23FiJEO0z1XYqNBl5FE+BBXcKgDhT6MRBeorqyh1rqE+95fxlfmgXy+eGENWe8o2Kz1lehQ==

"@a-la/import@1.7.0":
  version "1.7.0"
  resolved "https://registry.yarnpkg.com/@a-la/import/-/import-1.7.0.tgz#169849ac4ac50558867f89e38f841dc2eee51ae8"
  integrity sha512-4iLDtywkxKaRupaLcc/ZNSxE0HWiag3z/9DsfWU0smdwXmgfkcqM9lGwhGM4vkB3YqXTOD3MtGRxxjrOIjDtjQ==

"@a-la/markers@1.0.3":
  version "1.0.3"
  resolved "https://registry.yarnpkg.com/@a-la/markers/-/markers-1.0.3.tgz#2800c812acce35d01756cd82a0553320d405f38d"
  integrity sha512-Ex51MqG+NEXyfNjkR9uthB2vQV3qy5QAa+yvB3uIhmONsO7CQIWQ+bI+wf1bqDnhWPvL6Z7aeT6wKmdJce2LvA==
  dependencies:
    restream "3.1.1"

"@artdeco/clean-stack@1.0.0":
  version "1.0.0"
  resolved "https://registry.yarnpkg.com/@artdeco/clean-stack/-/clean-stack-1.0.0.tgz#36ff9c9f66e6cb1eb0bfa90341be21cba70c7ea6"
  integrity sha512-lNrvCAG7xU8z2srq7XSbyDECGEjhXiXlP3CbQ4G0OSTckUBnu7yY7zUcpDK5x1CxyWvDKb3qsUkKKgK703GBeA==

"@rqt/aqt@1.1.3":
  version "1.1.3"
  resolved "https://registry.yarnpkg.com/@rqt/aqt/-/aqt-1.1.3.tgz#a0acb5eeded94d5063c0fc7d734db7d917835b37"
  integrity sha512-edcE80Ze6ZD5PGULqij7PNh1F6yH+BUNuWUISK88vG7u0skVPs1eMazGLunkPJ7/Q6+U2sx5z3TwEcKDCfPQVg==
  dependencies:
    catchment "3.1.1"
    erotic "2.0.1"

"@wrote/ensure-path@1.0.3":
  version "1.0.3"
  resolved "https://registry.yarnpkg.com/@wrote/ensure-path/-/ensure-path-1.0.3.tgz#7faeff4ebb5b3972b745e0cc85f3e06cbca51d51"
  integrity sha512-rp1HNLlxzGwiYB/hEcJeejPoSkyS96xPmRVfzEu/BqV/KPtPUhUiRIxhYQykQPQVhql9qwy2fYrGszG3UBCKGw==
  dependencies:
    makepromise "3.0.1"

"@wrote/read-dir-structure@1.0.1":
  version "1.0.1"
  resolved "https://registry.yarnpkg.com/@wrote/read-dir-structure/-/read-dir-structure-1.0.1.tgz#fe1bf41715a0dbf7c2fb65a7d7b4fefab127eb24"
  integrity sha1-/hv0FxWg2/fC+2Wn17T++rEn6yQ=
  dependencies:
    makepromise "2.0.0"

"@wrote/read@1.0.0":
  version "1.0.0"
  resolved "https://registry.yarnpkg.com/@wrote/read/-/read-1.0.0.tgz#ab57de1def7af1ec0b63853b63147ed641ba0db0"
  integrity sha512-oUI1SAvdlTVYlbro4sfm5OzsT6GSuisqrJsi2YqaAgVNykqm5flPXsnttOeDksjvMD9LjHXPMkTtmytmzfoluQ==
  dependencies:
    catchment "3.1.1"

alamode@1.6.1:
  version "1.6.1"
  resolved "https://registry.yarnpkg.com/alamode/-/alamode-1.6.1.tgz#9786829ee444f4537ee84e1b67b0b6a2246b2ecb"
  integrity sha512-XEVYXHjR7zVVxextZVe4zLv7uEFgWzq6Rl1ArX8uCqBlvONcDWyFfvyYpk5NGfE6ve+88M0Lof6+5U0cRN+H1Q==
  dependencies:
    "@a-la/export" "1.3.0"
    "@a-la/import" "1.7.0"
    "@a-la/markers" "1.0.3"
    "@wrote/ensure-path" "1.0.3"
    "@wrote/read-dir-structure" "1.0.1"
    argufy "1.2.1"
    catchment "3.2.0"
    pirates "4.0.0"
    restream "3.4.1"
    source-map "0.7.3"
    usually "1.1.0"
    which-stream "1.0.1"

argufy@1.2.1:
  version "1.2.1"
  resolved "https://registry.yarnpkg.com/argufy/-/argufy-1.2.1.tgz#34985fe1087dee7fd96c92fad17c0dd137991d95"
  integrity sha1-NJhf4Qh97n/ZbJL60XwN0TeZHZU=

catchment@1.0.0:
  version "1.0.0"
  resolved "https://registry.yarnpkg.com/catchment/-/catchment-1.0.0.tgz#3061f71be0102710be84328d2f94363a165f8c4b"
  integrity sha1-MGH3G+AQJxC+hDKNL5Q2OhZfjEs=

catchment@3.0.1:
  version "3.0.1"
  resolved "https://registry.yarnpkg.com/catchment/-/catchment-3.0.1.tgz#11dab5fea86d412343e797e052b21091b7e83a55"
  integrity sha512-rT/WIcR2hBPwlcOLx7ULAM6yWBLfDjVTMnzrMyjxKhFKAWClVTjDSoe8mxn3ZyAlCyg+Vbtw1iPopa6YxUkW4A==

catchment@3.1.1:
  version "3.1.1"
  resolved "https://registry.yarnpkg.com/catchment/-/catchment-3.1.1.tgz#dad005e4383cb56f0108d8ea1f877608df22be59"
  integrity sha512-4PXPVDARu22RQ1I4AqtcH7vLCLmywPvfaT/Z+NOkL2FjsMYmVo6NsTpwe2o2+VVAAVI73jOwwrbE1xn9I9wJkg==
  dependencies:
    "@artdeco/clean-stack" "1.0.0"
    erotic "2.0.1"

catchment@3.2.0:
  version "3.2.0"
  resolved "https://registry.yarnpkg.com/catchment/-/catchment-3.2.0.tgz#1b846c4a4acd488061b1b054274edd2f5111cd8d"
  integrity sha512-mGhiTkSgPaKAEeB0lVLRM+TWlzkoPq5SGvAgsjNayfBzQjqwRdPIUs2Y1ksvU5WsP5JdtcPVFyyGLM6K8xnQqA==
  dependencies:
    "@artdeco/clean-stack" "1.0.0"
    erotic "2.0.1"

clean-stack@1.3.0:
  version "1.3.0"
  resolved "https://registry.yarnpkg.com/clean-stack/-/clean-stack-1.3.0.tgz#9e821501ae979986c46b1d66d2d432db2fd4ae31"
  integrity sha1-noIVAa6XmYbEax1m0tQy2y/UrjE=

dist-exiftool@10.53.0:
  version "10.53.0"
  resolved "https://registry.yarnpkg.com/dist-exiftool/-/dist-exiftool-10.53.0.tgz#8bd17bac1e43deacd81d9adacd0f1e24c690100f"
  integrity sha1-i9F7rB5D3qzYHZrazQ8eJMaQEA8=
  dependencies:
    platform-dependent-modules "0.0.14"
  optionalDependencies:
    exiftool.exe "10.53"
    exiftool.pl "10.53"

erotic@1.0.1:
  version "1.0.1"
  resolved "https://registry.yarnpkg.com/erotic/-/erotic-1.0.1.tgz#222fedd8215937b9e5d0ec37abb27889af63776f"
  integrity sha1-Ii/t2CFZN7nl0Ow3q7J4ia9jd28=
  dependencies:
    clean-stack "1.3.0"

erotic@1.2.1:
  version "1.2.1"
  resolved "https://registry.yarnpkg.com/erotic/-/erotic-1.2.1.tgz#f5265147573991578808de69af28316aa788f0ae"
  integrity sha1-9SZRR1c5kVeICN5prygxaqeI8K4=
  dependencies:
    clean-stack "1.3.0"

erotic@2.0.1:
  version "2.0.1"
  resolved "https://registry.yarnpkg.com/erotic/-/erotic-2.0.1.tgz#bcb45bf61e5a3a9006bbee2cf998515a56f3961b"
  integrity sha512-4J/dXhlM9lFYI5GvY4vS+W2M8w5Rmrj+Hh6y/GNb8u1YK6B/jszBMbMRJRDSSbTblbqDD23+97MrMl9hVxqmGg==
  dependencies:
    "@artdeco/clean-stack" "1.0.0"

exiftool.exe@10.53:
  version "10.53.0"
  resolved "https://registry.yarnpkg.com/exiftool.exe/-/exiftool.exe-10.53.0.tgz#22b1ce60fb8db589469d1aa5b0a1fe09a35bc454"
  integrity sha1-IrHOYPuNtYlGnRqlsKH+CaNbxFQ=

exiftool.pl@10.53:
  version "10.53.0"
  resolved "https://registry.yarnpkg.com/exiftool.pl/-/exiftool.pl-10.53.0.tgz#63c1646b3ad0aed1ce1313d7b5d07da4d7b13d84"
  integrity sha1-Y8FkazrQrtHOExPXtdB9pNexPYQ=

is-stream@1.1.0:
  version "1.1.0"
  resolved "https://registry.yarnpkg.com/is-stream/-/is-stream-1.1.0.tgz#12d4a3dd4e68e0b79ceb8dbc84173ae80d91ca44"
  integrity sha1-EtSj3U5o4Lec6428hBc66A2RykQ=

makepromise@1.0.0:
  version "1.0.0"
  resolved "https://registry.yarnpkg.com/makepromise/-/makepromise-1.0.0.tgz#bc6bb6a3e06fd706df51c2923b6936fabd70aa7f"
  integrity sha1-vGu2o+Bv1wbfUcKSO2k2+r1wqn8=

makepromise@2.0.0:
  version "2.0.0"
  resolved "https://registry.yarnpkg.com/makepromise/-/makepromise-2.0.0.tgz#3b91b9de3e36cd6979c94c38392f04ba4d8e1f18"
  integrity sha1-O5G53j42zWl5yUw4OS8Euk2OHxg=
  dependencies:
    erotic "1.0.1"

makepromise@3.0.1:
  version "3.0.1"
  resolved "https://registry.yarnpkg.com/makepromise/-/makepromise-3.0.1.tgz#5610962047452f91b278c4d3bdc1c854185d913e"
  integrity sha512-7HaS+sBv5yQJyGGqhmbnRyam+WuEmGuQ77N7+ymvRaOTm8ntEyWCk3XMpAkgpSO1N1kWwO9BNJqd/HItJNITbg==
  dependencies:
    erotic "1.2.1"

mime-db@~1.37.0:
  version "1.37.0"
  resolved "https://registry.yarnpkg.com/mime-db/-/mime-db-1.37.0.tgz#0b6a0ce6fdbe9576e25f1f2d2fde8830dc0ad0d8"
  integrity sha512-R3C4db6bgQhlIhPU48fUtdVmKnflq+hRdad7IyKhtFj06VPNVdk2RhiYL3UjQIlso8L+YxAtFkobT0VK+S/ybg==

mime-types@2.1.21:
  version "2.1.21"
  resolved "https://registry.yarnpkg.com/mime-types/-/mime-types-2.1.21.tgz#28995aa1ecb770742fe6ae7e58f9181c744b3f96"
  integrity sha512-3iL6DbwpyLzjR3xHSFNFeb9Nz/M8WDkX33t1GFQnFOllWk8pOrh/LSrB5OXlnlW5P9LH73X6loW/eogc+F5lJg==
  dependencies:
    mime-db "~1.37.0"

node-exiftool@2.3.0:
  version "2.3.0"
  resolved "https://registry.yarnpkg.com/node-exiftool/-/node-exiftool-2.3.0.tgz#d5142d34de6f1683b4655198b648e7e3ee6e80ac"
  integrity sha1-1RQtNN5vFoO0ZVGYtkjn4+5ugKw=
  dependencies:
    is-stream "1.1.0"
    restream "1.2.0"
    wrote "0.6.1"

node-modules-regexp@^1.0.0:
  version "1.0.0"
  resolved "https://registry.yarnpkg.com/node-modules-regexp/-/node-modules-regexp-1.0.0.tgz#8d9dbe28964a4ac5712e9131642107c71e90ec40"
  integrity sha1-jZ2+KJZKSsVxLpExZCEHxx6Q7EA=

parse-multipart@1.0.4:
  version "1.0.4"
  resolved "https://registry.yarnpkg.com/parse-multipart/-/parse-multipart-1.0.4.tgz#767b8788b2487b87b83a19615cd6ba78a8d14492"
  integrity sha1-dnuHiLJIe4e4OhlhXNa6eKjRRJI=

pirates@4.0.0:
  version "4.0.0"
  resolved "https://registry.yarnpkg.com/pirates/-/pirates-4.0.0.tgz#850b18781b4ac6ec58a43c9ed9ec5fe6796addbd"
  integrity sha512-8t5BsXy1LUIjn3WWOlOuFDuKswhQb/tkak641lvBgmPOBUQHXveORtlMCp6OdPV1dtuTaEahKA8VNz6uLfKBtA==
  dependencies:
    node-modules-regexp "^1.0.0"

platform-dependent-modules@0.0.14:
  version "0.0.14"
  resolved "https://registry.yarnpkg.com/platform-dependent-modules/-/platform-dependent-modules-0.0.14.tgz#3c53d0415d81ce22dcfde15665d0cfd541d41617"
  integrity sha1-PFPQQV2BziLc/eFWZdDP1UHUFhc=

restream@1.2.0:
  version "1.2.0"
  resolved "https://registry.yarnpkg.com/restream/-/restream-1.2.0.tgz#fd13b031a54e80cc65d1878c43149f1b3a40efbb"
  integrity sha1-/ROwMaVOgMxl0YeMQxSfGzpA77s=

restream@3.1.1:
  version "3.1.1"
  resolved "https://registry.yarnpkg.com/restream/-/restream-3.1.1.tgz#36084997bd3e765c2da484700e16b850c2f9ffb4"
  integrity sha512-mFHfHno39K371GeDxN07bDK6LtGqoA0PQVePRAQ1kwWVgjDiwkHhLif/4HrCoCWNIv6SXLHePCiMomX4j5Y5ZA==

restream@3.4.1:
  version "3.4.1"
  resolved "https://registry.yarnpkg.com/restream/-/restream-3.4.1.tgz#3ae08677176a2ba484a55b7e2ec2105d7847f07e"
  integrity sha512-aWur+X3dItQjmw2c7KPiyy2BEw20+0d1nk0IAgVEqcvNrGh7MZ4stZ1KnSr5ekcHwI9VDP/3lJ6N2+nLIZduLA==
  dependencies:
    "@artdeco/clean-stack" "1.0.0"

rqt@3.0.1:
  version "3.0.1"
  resolved "https://registry.yarnpkg.com/rqt/-/rqt-3.0.1.tgz#bf2569f69af0415eafb30ac67f1014fa88a83195"
  integrity sha512-7IJgyhAVqctLLsRuvkY1iC6cp2B2w/YpbHmuIe50195fZNcJBt05FcafDjOuNraLe0T8cjrWBE2pBGcw7noPXw==
  dependencies:
    "@rqt/aqt" "1.1.3"

source-map@0.7.3:
  version "0.7.3"
  resolved "https://registry.yarnpkg.com/source-map/-/source-map-0.7.3.tgz#5302f8169031735226544092e64981f751750383"
  integrity sha512-CkCj6giN3S+n9qrYiBTX5gystlENnRW5jZeNLHpe6aue+SrHcG5VYwujhW9s4dY31mEGsxBDrHR6oI69fTXsaQ==

spawncommand@2.1.0:
  version "2.1.0"
  resolved "https://registry.yarnpkg.com/spawncommand/-/spawncommand-2.1.0.tgz#a5ef60ae7892e8718a9c717fc52fe5f54521e0de"
  integrity sha512-iLQzOn/Ihmiw78iIeT9Xd5VH9RrhBCriMhCKhjD/xLP83koSwlMG5nFnIJewwud+FAO8JqnXXO5eovjNqeU+Mg==
  dependencies:
    catchment "3.1.1"

usually@1.1.0:
  version "1.1.0"
  resolved "https://registry.yarnpkg.com/usually/-/usually-1.1.0.tgz#c79965c264596cd3ead181f84dae64dee24b60d6"
  integrity sha512-xGl7nUfT/DifxhZg97MTwjsl795RX0UiNWPvaItg8viTSRujH2D4jSi93yeuKxLDhJyEMId6cnyiD2SdEQ2jLw==

which-stream@1.0.1:
  version "1.0.1"
  resolved "https://registry.yarnpkg.com/which-stream/-/which-stream-1.0.1.tgz#2b495b083b1c31ff68dd4d770b0caa7f86e769af"
  integrity sha512-UANI3ps4Qh+SKR39/z/2NZBNk/FKLYFpbPBc1bv3cX+PRR2ycinKCXpFOMCXv67xWBlSw7nIzd4ZD0hFGNQ99g==
  dependencies:
    catchment "3.0.1"

wrote@0.6.1:
  version "0.6.1"
  resolved "https://registry.yarnpkg.com/wrote/-/wrote-0.6.1.tgz#eff11efdd6f18424a70baea2df4322af375b8fbe"
  integrity sha1-7/Ee/dbxhCSnC66i30Mirzdbj74=
  dependencies:
    catchment "1.0.0"
    makepromise "1.0.0"
